
Microsoft Visual Studio Solution File, Format Version 12.00
# Visual Studio Version 17
VisualStudioVersion = 17.9.34616.47
MinimumVisualStudioVersion = 10.0.40219.1
Project("{FAE04EC0-301F-11D3-BF4B-00C04F79EFBC}") = "AlumnisBot", "AlumnisBot\AlumnisBot.csproj", "{706D2CFB-C851-4326-B2C1-CDB85B94BC39}"
EndProject
Global
	GlobalSection(SolutionConfigurationPlatforms) = preSolution
		Debug|Any CPU = Debug|Any CPU
		Release|Any CPU = Release|Any CPU
	EndGlobalSection
	GlobalSection(ProjectConfigurationPlatforms) = postSolution
		{706D2CFB-C851-4326-B2C1-CDB85B94BC39}.Debug|Any CPU.ActiveCfg = Debug|Any CPU
		{706D2CFB-C851-4326-B2C1-CDB85B94BC39}.Debug|Any CPU.Build.0 = Debug|Any CPU
		{706D2CFB-C851-4326-B2C1-CDB85B94BC39}.Release|Any CPU.ActiveCfg = Release|Any CPU
		{706D2CFB-C851-4326-B2C1-CDB85B94BC39}.Release|Any CPU.Build.0 = Release|Any CPU
	EndGlobalSection
	GlobalSection(SolutionProperties) = preSolution
		HideSolutionNode = FALSE
	EndGlobalSection
	GlobalSection(ExtensibilityGlobals) = postSolution
		SolutionGuid = {7763E65A-E2B1-409E-8276-A414254103F6}
	EndGlobalSection
EndGlobal
